
Microsoft Visual Studio Solution File, Format Version 12.00
# Visual Studio Version 17
VisualStudioVersion = 17.14.36511.14 d17.14
MinimumVisualStudioVersion = 10.0.40219.1
Project("{FAE04EC0-301F-11D3-BF4B-00C04F79EFBC}") = "SistemaGestionPrestamos.Datos", "SistemaGestionPrestamos\SistemaGestionPrestamos.Datos.csproj", "{3BE9F9A9-3B73-4FC5-B8B9-C21F7988C95E}"
EndProject
Project("{FAE04EC0-301F-11D3-BF4B-00C04F79EFBC}") = "SistemaGestionPrestamos.Negocio", "SistemaGestionPrestamos.Negocio\SistemaGestionPrestamos.Negocio.csproj", "{8D26E657-054D-4777-AEB3-0E1410D637A5}"
EndProject
Project("{FAE04EC0-301F-11D3-BF4B-00C04F79EFBC}") = "SistemaGestionPrestamos.Presentacion", "SistemaGestionPrestamos.Presentacion\SistemaGestionPrestamos.Presentacion.csproj", "{CBC21117-9995-4870-BD01-D151F16EB91A}"
EndProject
Global
	GlobalSection(SolutionConfigurationPlatforms) = preSolution
		Debug|Any CPU = Debug|Any CPU
		Release|Any CPU = Release|Any CPU
	EndGlobalSection
	GlobalSection(ProjectConfigurationPlatforms) = postSolution
		{3BE9F9A9-3B73-4FC5-B8B9-C21F7988C95E}.Debug|Any CPU.ActiveCfg = Debug|Any CPU
		{3BE9F9A9-3B73-4FC5-B8B9-C21F7988C95E}.Debug|Any CPU.Build.0 = Debug|Any CPU
		{3BE9F9A9-3B73-4FC5-B8B9-C21F7988C95E}.Release|Any CPU.ActiveCfg = Release|Any CPU
		{3BE9F9A9-3B73-4FC5-B8B9-C21F7988C95E}.Release|Any CPU.Build.0 = Release|Any CPU
		{8D26E657-054D-4777-AEB3-0E1410D637A5}.Debug|Any CPU.ActiveCfg = Debug|Any CPU
		{8D26E657-054D-4777-AEB3-0E1410D637A5}.Debug|Any CPU.Build.0 = Debug|Any CPU
		{8D26E657-054D-4777-AEB3-0E1410D637A5}.Release|Any CPU.ActiveCfg = Release|Any CPU
		{8D26E657-054D-4777-AEB3-0E1410D637A5}.Release|Any CPU.Build.0 = Release|Any CPU
		{CBC21117-9995-4870-BD01-D151F16EB91A}.Debug|Any CPU.ActiveCfg = Debug|Any CPU
		{CBC21117-9995-4870-BD01-D151F16EB91A}.Debug|Any CPU.Build.0 = Debug|Any CPU
		{CBC21117-9995-4870-BD01-D151F16EB91A}.Release|Any CPU.ActiveCfg = Release|Any CPU
		{CBC21117-9995-4870-BD01-D151F16EB91A}.Release|Any CPU.Build.0 = Release|Any CPU
	EndGlobalSection
	GlobalSection(SolutionProperties) = preSolution
		HideSolutionNode = FALSE
	EndGlobalSection
	GlobalSection(ExtensibilityGlobals) = postSolution
		SolutionGuid = {AA8EDB05-89B3-4E92-A413-47243968B0E8}
	EndGlobalSection
EndGlobal
